[io]
sha256 = "7210e5653539a15478f894d4da24cc69d61924cbcba21d2804d69314a88e5a4c"
sha512 = "49184a1b0945a889abd52d25271172ed3dc2db6968fcdddb1bab7ee0081f4a3eeee0977ad2291126a37631c0d86eeea75d822fa8af224c422134500bf9f0f2bb"

[webgpu]
sha256 = "0cd0b6a313f23b02c4fd8f44a2d282f1f966206c3c8749549df0aeaef75568e7"
sha512 = "7b0211ca78e16beba5f240195fb844a63dca24b69b2ca4b81d24cc58fdfc6863f722bcfca16994d5b2ef8ca9a15e014413c494352a522bcdfe4ec1ec8e198290"

[wgpu]
path = "../../wit"
sha256 = "b3a8b28b2f3e412ceebc53a9f871d0969a19c5fc942609b4a7a71a1d6543fd9a"
sha512 = "b59c29ba59663a7b82d884b681e7594bded31359060b2cd77a715d2834babca080284c62d4d6df6720863a3e00b9649596c5fd0e004ccb10b7dd9584305b804f"
deps = ["io", "webgpu"]
